
Microsoft Visual Studio Solution File, Format Version 12.00
# Visual Studio Version 17
VisualStudioVersion = 17.4.33103.184
MinimumVisualStudioVersion = 10.0.40219.1
Project("{9A19103F-16F7-4668-BE54-9A1E7A4F7556}") = "NewDay.DiamondKata", "NewDay.DiamondKata\NewDay.DiamondKata.csproj", "{308A38B5-73EC-4843-AF9A-3E60E6B5B5E7}"
EndProject
Project("{9A19103F-16F7-4668-BE54-9A1E7A4F7556}") = "NewDay.DiamondKata.Core", "NewDay.DiamondKata.Core\NewDay.DiamondKata.Core.csproj", "{86085A7A-3C8E-4C09-8FD2-7830C571FFE5}"
EndProject
Project("{FAE04EC0-301F-11D3-BF4B-00C04F79EFBC}") = "NewDay.DiamondKata.UnitTests", "NewDay.DiamondKata.UnitTests\NewDay.DiamondKata.UnitTests.csproj", "{16800DB8-0107-4678-84A1-3415EB3E0CEB}"
EndProject
Global
	GlobalSection(SolutionConfigurationPlatforms) = preSolution
		Debug|Any CPU = Debug|Any CPU
		Release|Any CPU = Release|Any CPU
	EndGlobalSection
	GlobalSection(ProjectConfigurationPlatforms) = postSolution
		{308A38B5-73EC-4843-AF9A-3E60E6B5B5E7}.Debug|Any CPU.ActiveCfg = Debug|Any CPU
		{308A38B5-73EC-4843-AF9A-3E60E6B5B5E7}.Debug|Any CPU.Build.0 = Debug|Any CPU
		{308A38B5-73EC-4843-AF9A-3E60E6B5B5E7}.Release|Any CPU.ActiveCfg = Release|Any CPU
		{308A38B5-73EC-4843-AF9A-3E60E6B5B5E7}.Release|Any CPU.Build.0 = Release|Any CPU
		{86085A7A-3C8E-4C09-8FD2-7830C571FFE5}.Debug|Any CPU.ActiveCfg = Debug|Any CPU
		{86085A7A-3C8E-4C09-8FD2-7830C571FFE5}.Debug|Any CPU.Build.0 = Debug|Any CPU
		{86085A7A-3C8E-4C09-8FD2-7830C571FFE5}.Release|Any CPU.ActiveCfg = Release|Any CPU
		{86085A7A-3C8E-4C09-8FD2-7830C571FFE5}.Release|Any CPU.Build.0 = Release|Any CPU
		{16800DB8-0107-4678-84A1-3415EB3E0CEB}.Debug|Any CPU.ActiveCfg = Debug|Any CPU
		{16800DB8-0107-4678-84A1-3415EB3E0CEB}.Debug|Any CPU.Build.0 = Debug|Any CPU
		{16800DB8-0107-4678-84A1-3415EB3E0CEB}.Release|Any CPU.ActiveCfg = Release|Any CPU
		{16800DB8-0107-4678-84A1-3415EB3E0CEB}.Release|Any CPU.Build.0 = Release|Any CPU
	EndGlobalSection
	GlobalSection(SolutionProperties) = preSolution
		HideSolutionNode = FALSE
	EndGlobalSection
	GlobalSection(ExtensibilityGlobals) = postSolution
		SolutionGuid = {A5E67EBB-7D47-46D7-85C1-6EBCEBCA1532}
	EndGlobalSection
EndGlobal
